
Microsoft Visual Studio Solution File, Format Version 12.00
# Visual Studio Version 16
VisualStudioVersion = 16.0.30320.27
MinimumVisualStudioVersion = 10.0.40219.1
Project("{FAE04EC0-301F-11D3-BF4B-00C04F79EFBC}") = "Exercise 3", "Exercise 3\Exercise 3.csproj", "{58421E38-EFDA-4D8E-87F2-7BECC4270868}"
EndProject
Global
	GlobalSection(SolutionConfigurationPlatforms) = preSolution
		Debug|Any CPU = Debug|Any CPU
		Release|Any CPU = Release|Any CPU
	EndGlobalSection
	GlobalSection(ProjectConfigurationPlatforms) = postSolution
		{58421E38-EFDA-4D8E-87F2-7BECC4270868}.Debug|Any CPU.ActiveCfg = Debug|Any CPU
		{58421E38-EFDA-4D8E-87F2-7BECC4270868}.Debug|Any CPU.Build.0 = Debug|Any CPU
		{58421E38-EFDA-4D8E-87F2-7BECC4270868}.Release|Any CPU.ActiveCfg = Release|Any CPU
		{58421E38-EFDA-4D8E-87F2-7BECC4270868}.Release|Any CPU.Build.0 = Release|Any CPU
	EndGlobalSection
	GlobalSection(SolutionProperties) = preSolution
		HideSolutionNode = FALSE
	EndGlobalSection
	GlobalSection(ExtensibilityGlobals) = postSolution
		SolutionGuid = {744E9DDF-520D-41E7-9BED-BEFE77EC3985}
	EndGlobalSection
EndGlobal
